{
  "lockfile_version": "1",
  "packages": {
    "github:NixOS/nixpkgs/nixpkgs-unstable": {
      "last_modified": "2026-09-19T18:56:16Z",
      "resolved": "github:NixOS/nixpkgs/79b35bf0bda5cd110f856aa5b5b2c5ba4460dbf5?lastModified=1789844176"
    },
    "gitleaks@8.30.1": {
      "last_modified": "2026-08-27T07:16:00Z",
      "resolved": "github:NixOS/nixpkgs/c27cdad491a991b11ed731760aa2ef8db0cb0410#gitleaks",
      "source": "devbox-search",
      "version": "8.30.1",
      "systems": {
        "aarch64-darwin": {
          "outputs": [
            {
              "name": "out",
              "path": "/nix/store/va2rvnpijbkwfnf1kf1l14b17vv7y64s-gitleaks-8.30.1",
              "default": true
            }
          ],
          "store_path": "/nix/store/va2rvnpijbkwfnf1kf1l14b17vv7y64s-gitleaks-8.30.1"
        },
        "aarch64-linux": {
          "outputs": [
            {
              "name": "out",
              "path": "/nix/store/p2qqb151lvf86rv6k2mjw2vyrk50qpc7-gitleaks-8.30.1",
              "default": true
            }
          ],
          "store_path": "/nix/store/p2qqb151lvf86rv6k2mjw2vyrk50qpc7-gitleaks-8.30.1"
        },
        "x86_64-darwin": {
          "outputs": [
            {
              "name": "out",
              "path": "/nix/store/v5x4dkl13y4nxhcaq4xmrwkidy44gv9p-gitleaks-8.30.1",
              "default": true
            }
          ],
          "store_path": "/nix/store/v5x4dkl13y4nxhcaq4xmrwkidy44gv9p-gitleaks-8.30.1"
        },
        "x86_64-linux": {
          "outputs": [
            {
              "name": "out",
              "path": "/nix/store/jyv71l8qlgpkh9z5q97fwb4f5bpkgc53-gitleaks-8.30.1",
              "default": true
            }
          ],
          "store_path": "/nix/store/jyv71l8qlgpkh9z5q97fwb4f5bpkgc53-gitleaks-8.30.1"
        }
      }
    },
    "nodejs@26.8.1": {
      "last_modified": "2026-08-27T23:47:58Z",
      "plugin_version": "0.0.5",
      "resolved": "github:NixOS/nixpkgs/7d1a7c21a4c00ea653fc7ed5c083d261340f185f#nodejs_26",
      "source": "devbox-search",
      "version": "26.8.1",
      "systems": {
        "aarch64-darwin": {
          "outputs": [
            {
              "name": "out",
              "path": "/nix/store/szf4xdpd4znb3hzprlyivq6nd507hyas-nodejs-26.8.1",
              "default": true
            }
          ],
          "store_path": "/nix/store/szf4xdpd4znb3hzprlyivq6nd507hyas-nodejs-26.8.1"
        },
        "aarch64-linux": {
          "outputs": [
            {
              "name": "out",
              "path": "/nix/store/s3azam32y3bmwd6b2zynqqg9yv99lnam-nodejs-26.8.1",
              "default": true
            }
          ],
          "store_path": "/nix/store/s3azam32y3bmwd6b2zynqqg9yv99lnam-nodejs-26.8.1"
        },
        "x86_64-linux": {
          "outputs": [
            {
              "name": "out",
              "path": "/nix/store/ymlp5q9l64224b9jqpqwp298bgbjv7p9-nodejs-26.8.1",
              "default": true
            }
          ],
          "store_path": "/nix/store/ymlp5q9l64224b9jqpqwp298bgbjv7p9-nodejs-26.8.1"
        }
      }
    }
  }
}
